
Microsoft Visual Studio Solution File, Format Version 12.00
# Visual Studio 14
VisualStudioVersion = 14.0.25420.1
MinimumVisualStudioVersion = 10.0.40219.1
Project("{FAE04EC0-301F-11D3-BF4B-00C04F79EFBC}") = "BilgeTurizm.DATA", "BilgeTurizm.DATA\BilgeTurizm.DATA.csproj", "{1F15B9A5-8A02-4F79-AE63-017494FDC7D1}"
EndProject
Project("{FAE04EC0-301F-11D3-BF4B-00C04F79EFBC}") = "BilgeTurizm.DAL", "BİlgeTurizm.DAL\BilgeTurizm.DAL.csproj", "{9C60DEA1-5575-4A17-A06B-5B0E7E710B76}"
EndProject
Project("{FAE04EC0-301F-11D3-BF4B-00C04F79EFBC}") = "BilgeTurizmUI", "BilgeTurizmUI\BilgeTurizmUI.csproj", "{30D79913-802D-459E-B760-F3399290D67C}"
EndProject
Global
	GlobalSection(SolutionConfigurationPlatforms) = preSolution
		Debug|Any CPU = Debug|Any CPU
		Release|Any CPU = Release|Any CPU
	EndGlobalSection
	GlobalSection(ProjectConfigurationPlatforms) = postSolution
		{1F15B9A5-8A02-4F79-AE63-017494FDC7D1}.Debug|Any CPU.ActiveCfg = Debug|Any CPU
		{1F15B9A5-8A02-4F79-AE63-017494FDC7D1}.Debug|Any CPU.Build.0 = Debug|Any CPU
		{1F15B9A5-8A02-4F79-AE63-017494FDC7D1}.Release|Any CPU.ActiveCfg = Release|Any CPU
		{1F15B9A5-8A02-4F79-AE63-017494FDC7D1}.Release|Any CPU.Build.0 = Release|Any CPU
		{9C60DEA1-5575-4A17-A06B-5B0E7E710B76}.Debug|Any CPU.ActiveCfg = Debug|Any CPU
		{9C60DEA1-5575-4A17-A06B-5B0E7E710B76}.Debug|Any CPU.Build.0 = Debug|Any CPU
		{9C60DEA1-5575-4A17-A06B-5B0E7E710B76}.Release|Any CPU.ActiveCfg = Release|Any CPU
		{9C60DEA1-5575-4A17-A06B-5B0E7E710B76}.Release|Any CPU.Build.0 = Release|Any CPU
		{30D79913-802D-459E-B760-F3399290D67C}.Debug|Any CPU.ActiveCfg = Debug|Any CPU
		{30D79913-802D-459E-B760-F3399290D67C}.Debug|Any CPU.Build.0 = Debug|Any CPU
		{30D79913-802D-459E-B760-F3399290D67C}.Release|Any CPU.ActiveCfg = Release|Any CPU
		{30D79913-802D-459E-B760-F3399290D67C}.Release|Any CPU.Build.0 = Release|Any CPU
	EndGlobalSection
	GlobalSection(SolutionProperties) = preSolution
		HideSolutionNode = FALSE
	EndGlobalSection
	GlobalSection(ExtensibilityGlobals) = postSolution
		SolutionGuid = {FA7D1D44-F46E-4E6B-A97A-B8C27867B84F}
	EndGlobalSection
EndGlobal
